
Microsoft Visual Studio Solution File, Format Version 12.00
Project("{FAE04EC0-301F-11D3-BF4B-00C04F79EFBC}") = "Pomekhoustoychivost", "Pomekhoustoychivost\Pomekhoustoychivost.csproj", "{FFF253FB-EAEC-41A2-A076-12458CBF12AE}"
EndProject
Global
	GlobalSection(SolutionConfigurationPlatforms) = preSolution
		Debug|Any CPU = Debug|Any CPU
		Release|Any CPU = Release|Any CPU
	EndGlobalSection
	GlobalSection(ProjectConfigurationPlatforms) = postSolution
		{FFF253FB-EAEC-41A2-A076-12458CBF12AE}.Debug|Any CPU.ActiveCfg = Debug|Any CPU
		{FFF253FB-EAEC-41A2-A076-12458CBF12AE}.Debug|Any CPU.Build.0 = Debug|Any CPU
		{FFF253FB-EAEC-41A2-A076-12458CBF12AE}.Release|Any CPU.ActiveCfg = Release|Any CPU
		{FFF253FB-EAEC-41A2-A076-12458CBF12AE}.Release|Any CPU.Build.0 = Release|Any CPU
	EndGlobalSection
EndGlobal
